
Microsoft Visual Studio Solution File, Format Version 12.00
# Visual Studio Version 17
VisualStudioVersion = 17.1.32210.238
MinimumVisualStudioVersion = 10.0.40219.1
Project("{9A19103F-16F7-4668-BE54-9A1E7A4F7556}") = "OtelProjesi", "OtelProjesi\OtelProjesi.csproj", "{F063FC96-953C-467F-A024-BD4ADA640C88}"
EndProject
Project("{2150E333-8FDC-42A3-9474-1A3956D46DE8}") = "Solution Items", "Solution Items", "{62B0E083-58BD-4180-AB33-07A4F8770B46}"
	ProjectSection(SolutionItems) = preProject
		.editorconfig = .editorconfig
	EndProjectSection
EndProject
Global
	GlobalSection(SolutionConfigurationPlatforms) = preSolution
		Debug|Any CPU = Debug|Any CPU
		Release|Any CPU = Release|Any CPU
	EndGlobalSection
	GlobalSection(ProjectConfigurationPlatforms) = postSolution
		{F063FC96-953C-467F-A024-BD4ADA640C88}.Debug|Any CPU.ActiveCfg = Debug|Any CPU
		{F063FC96-953C-467F-A024-BD4ADA640C88}.Debug|Any CPU.Build.0 = Debug|Any CPU
		{F063FC96-953C-467F-A024-BD4ADA640C88}.Release|Any CPU.ActiveCfg = Release|Any CPU
		{F063FC96-953C-467F-A024-BD4ADA640C88}.Release|Any CPU.Build.0 = Release|Any CPU
	EndGlobalSection
	GlobalSection(SolutionProperties) = preSolution
		HideSolutionNode = FALSE
	EndGlobalSection
	GlobalSection(ExtensibilityGlobals) = postSolution
		SolutionGuid = {50DEF229-0D87-4627-B746-6C0B0FAA08B8}
	EndGlobalSection
EndGlobal
